{
  "name": "harkly",
  "version": "1.0.0",
  "lockfileVersion": 3,
  "requires": true,
  "packages": {
    "": {
      "name": "harkly",
      "version": "1.0.0",
      "license": "AGPL-3.0-only",
      "dependencies": {
        "bcryptjs": "^3.0.3",
        "better-sqlite3": "^11.10.0",
        "express": "^5.2.1",
        "express-session": "^1.19.0",
        "multer": "^2.2.0"
      },
      "engines": {
        "node": "20.11.0"
      }
    }
  }
}
